
Microsoft Visual Studio Solution File, Format Version 12.00
Project("{FAE04EC0-301F-11D3-BF4B-00C04F79EFBC}") = "webapp-travel-agency", "webapp-travel-agency.csproj", "{5C33E8B0-D3FA-47C2-9192-40147C61ED60}"
EndProject
Global
	GlobalSection(SolutionConfigurationPlatforms) = preSolution
		Debug|Any CPU = Debug|Any CPU
		Release|Any CPU = Release|Any CPU
	EndGlobalSection
	GlobalSection(ProjectConfigurationPlatforms) = postSolution
		{5C33E8B0-D3FA-47C2-9192-40147C61ED60}.Debug|Any CPU.ActiveCfg = Debug|Any CPU
		{5C33E8B0-D3FA-47C2-9192-40147C61ED60}.Debug|Any CPU.Build.0 = Debug|Any CPU
		{5C33E8B0-D3FA-47C2-9192-40147C61ED60}.Release|Any CPU.ActiveCfg = Release|Any CPU
		{5C33E8B0-D3FA-47C2-9192-40147C61ED60}.Release|Any CPU.Build.0 = Release|Any CPU
	EndGlobalSection
EndGlobal
